// !$*UTF8*$!
{
	archiveVersion = 1;
	classes = {
	};
	objectVersion = 50;
	objects = {

/* Begin PBXBuildFile section */
		356DDF5423813E8E0047BDB3 /* AppDelegate.swift in Sources */ = {isa = PBXBuildFile; fileRef = 356DDF5323813E8E0047BDB3 /* AppDelegate.swift */; };
		356DDF5623813E8E0047BDB3 /* SceneDelegate.swift in Sources */ = {isa = PBXBuildFile; fileRef = 356DDF5523813E8E0047BDB3 /* SceneDelegate.swift */; };
		356DDF5823813E8E0047BDB3 /* ViewController.swift in Sources */ = {isa = PBXBuildFile; fileRef = 356DDF5723813E8E0047BDB3 /* ViewController.swift */; };
		356DDF5B23813E8E0047BDB3 /* Main.storyboard in Resources */ = {isa = PBXBuildFile; fileRef = 356DDF5923813E8E0047BDB3 /* Main.storyboard */; };
		356DDF5D23813E900047BDB3 /* Assets.xcassets in Resources */ = {isa = PBXBuildFile; fileRef = 356DDF5C23813E900047BDB3 /* Assets.xcassets */; };
		356DDF6023813E900047BDB3 /* LaunchScreen.storyboard in Resources */ = {isa = PBXBuildFile; fileRef = 356DDF5E23813E900047BDB3 /* LaunchScreen.storyboard */; };
		356DDF68238143330047BDB3 /* QuizQusAndAns.swift in Sources */ = {isa = PBXBuildFile; fileRef = 356DDF67238143330047BDB3 /* QuizQusAndAns.swift */; };
		356DDF6A2381446E0047BDB3 /* QuizBrain.swift in Sources */ = {isa = PBXBuildFile; fileRef = 356DDF692381446E0047BDB3 /* QuizBrain.swift */; };
/* End PBXBuildFile section */

/* Begin PBXFileReference section */
		356DDF5023813E8E0047BDB3 /* QuizAppUsingMVC.app */ = {isa = PBXFileReference; explicitFileType = wrapper.application; includeInIndex = 0; path = QuizAppUsingMVC.app; sourceTree = BUILT_PRODUCTS_DIR; };
		356DDF5323813E8E0047BDB3 /* AppDelegate.swift */ = {isa = PBXFileReference; lastKnownFileType = sourcecode.swift; path = AppDelegate.swift; sourceTree = "<group>"; };
		356DDF5523813E8E0047BDB3 /* SceneDelegate.swift */ = {isa = PBXFileReference; lastKnownFileType = sourcecode.swift; path = SceneDelegate.swift; sourceTree = "<group>"; };
		356DDF5723813E8E0047BDB3 /* ViewController.swift */ = {isa = PBXFileReference; lastKnownFileType = sourcecode.swift; path = ViewController.swift; sourceTree = "<group>"; };
		356DDF5A23813E8E0047BDB3 /* Base */ = {isa = PBXFileReference; lastKnownFileType = file.storyboard; name = Base; path = Base.lproj/Main.storyboard; sourceTree = "<group>"; };
		356DDF5C23813E900047BDB3 /* Assets.xcassets */ = {isa = PBXFileReference; lastKnownFileType = folder.assetcatalog; path = Assets.xcassets; sourceTree = "<group>"; };
		356DDF5F23813E900047BDB3 /* Base */ = {isa = PBXFileReference; lastKnownFileType = file.storyboard; name = Base; path = Base.lproj/LaunchScreen.storyboard; sourceTree = "<group>"; };
		356DDF6123813E900047BDB3 /* Info.plist */ = {isa = PBXFileReference; lastKnownFileType = text.plist.xml; path = Info.plist; sourceTree = "<group>"; };
		356DDF67238143330047BDB3 /* QuizQusAndAns.swift */ = {isa = PBXFileReference; lastKnownFileType = sourcecode.swift; path = QuizQusAndAns.swift; sourceTree = "<group>"; };
		356DDF692381446E0047BDB3 /* QuizBrain.swift */ = {isa = PBXFileReference; lastKnownFileType = sourcecode.swift; path = QuizBrain.swift; sourceTree = "<group>"; };
/* End PBXFileReference section */

/* Begin PBXFrameworksBuildPhase section */
		356DDF4D23813E8E0047BDB3 /* Frameworks */ = {
			isa = PBXFrameworksBuildPhase;
			buildActionMask = 2147483647;
			files = (
			);
			runOnlyForDeploymentPostprocessing = 0;
		};
/* End PBXFrameworksBuildPhase section */

/* Begin PBXGroup section */
		356DDF4723813E8E0047BDB3 = {
			isa = PBXGroup;
			children = (
				356DDF5223813E8E0047BDB3 /* QuizAppUsingMVC */,
				356DDF5123813E8E0047BDB3 /* Products */,
			);
			sourceTree = "<group>";
		};
		356DDF5123813E8E0047BDB3 /* Products */ = {
			isa = PBXGroup;
			children = (
				356DDF5023813E8E0047BDB3 /* QuizAppUsingMVC.app */,
			);
			name = Products;
			sourceTree = "<group>";
		};
		356DDF5223813E8E0047BDB3 /* QuizAppUsingMVC */ = {
			isa = PBXGroup;
			children = (
				356DDF5323813E8E0047BDB3 /* AppDelegate.swift */,
				356DDF5523813E8E0047BDB3 /* SceneDelegate.swift */,
				356DDF6B238144770047BDB3 /* Model */,
				356DDF6D2381448E0047BDB3 /* View */,
				356DDF6C238144810047BDB3 /* Controller */,
				356DDF5C23813E900047BDB3 /* Assets.xcassets */,
				356DDF5E23813E900047BDB3 /* LaunchScreen.storyboard */,
				356DDF6123813E900047BDB3 /* Info.plist */,
			);
			path = QuizAppUsingMVC;
			sourceTree = "<group>";
		};
		356DDF6B238144770047BDB3 /* Model */ = {
			isa = PBXGroup;
			children = (
				356DDF67238143330047BDB3 /* QuizQusAndAns.swift */,
				356DDF692381446E0047BDB3 /* QuizBrain.swift */,
			);
			path = Model;
			sourceTree = "<group>";
		};
		356DDF6C238144810047BDB3 /* Controller */ = {
			isa = PBXGroup;
			children = (
				356DDF5723813E8E0047BDB3 /* ViewController.swift */,
			);
			path = Controller;
			sourceTree = "<group>";
		};
		356DDF6D2381448E0047BDB3 /* View */ = {
			isa = PBXGroup;
			children = (
				356DDF5923813E8E0047BDB3 /* Main.storyboard */,
			);
			path = View;
			sourceTree = "<group>";
		};
/* End PBXGroup section */

/* Begin PBXNativeTarget section */
		356DDF4F23813E8E0047BDB3 /* QuizAppUsingMVC */ = {
			isa = PBXNativeTarget;
			buildConfigurationList = 356DDF6423813E900047BDB3 /* Build configuration list for PBXNativeTarget "QuizAppUsingMVC" */;
			buildPhases = (
				356DDF4C23813E8E0047BDB3 /* Sources */,
				356DDF4D23813E8E0047BDB3 /* Frameworks */,
				356DDF4E23813E8E0047BDB3 /* Resources */,
			);
			buildRules = (
			);
			dependencies = (
			);
			name = QuizAppUsingMVC;
			productName = QuizAppUsingMVC;
			productReference = 356DDF5023813E8E0047BDB3 /* QuizAppUsingMVC.app */;
			productType = "com.apple.product-type.application";
		};
/* End PBXNativeTarget section */

/* Begin PBXProject section */
		356DDF4823813E8E0047BDB3 /* Project object */ = {
			isa = PBXProject;
			attributes = {
				LastSwiftUpdateCheck = 1110;
				LastUpgradeCheck = 1110;
				ORGANIZATIONNAME = Gopabandhu;
				TargetAttributes = {
					356DDF4F23813E8E0047BDB3 = {
						CreatedOnToolsVersion = 11.1;
					};
				};
			};
			buildConfigurationList = 356DDF4B23813E8E0047BDB3 /* Build configuration list for PBXProject "QuizAppUsingMVC" */;
			compatibilityVersion = "Xcode 9.3";
			developmentRegion = en;
			hasScannedForEncodings = 0;
			knownRegions = (
				en,
				Base,
			);
			mainGroup = 356DDF4723813E8E0047BDB3;
			productRefGroup = 356DDF5123813E8E0047BDB3 /* Products */;
			projectDirPath = "";
			projectRoot = "";
			targets = (
				356DDF4F23813E8E0047BDB3 /* QuizAppUsingMVC */,
			);
		};
/* End PBXProject section */

/* Begin PBXResourcesBuildPhase section */
		356DDF4E23813E8E0047BDB3 /* Resources */ = {
			isa = PBXResourcesBuildPhase;
			buildActionMask = 2147483647;
			files = (
				356DDF6023813E900047BDB3 /* LaunchScreen.storyboard in Resources */,
				356DDF5D23813E900047BDB3 /* Assets.xcassets in Resources */,
				356DDF5B23813E8E0047BDB3 /* Main.storyboard in Resources */,
			);
			runOnlyForDeploymentPostprocessing = 0;
		};
/* End PBXResourcesBuildPhase section */

/* Begin PBXSourcesBuildPhase section */
		356DDF4C23813E8E0047BDB3 /* Sources */ = {
			isa = PBXSourcesBuildPhase;
			buildActionMask = 2147483647;
			files = (
				356DDF6A2381446E0047BDB3 /* QuizBrain.swift in Sources */,
				356DDF5823813E8E0047BDB3 /* ViewController.swift in Sources */,
				356DDF68238143330047BDB3 /* QuizQusAndAns.swift in Sources */,
				356DDF5423813E8E0047BDB3 /* AppDelegate.swift in Sources */,
				356DDF5623813E8E0047BDB3 /* SceneDelegate.swift in Sources */,
			);
			runOnlyForDeploymentPostprocessing = 0;
		};
/* End PBXSourcesBuildPhase section */

/* Begin PBXVariantGroup section */
		356DDF5923813E8E0047BDB3 /* Main.storyboard */ = {
			isa = PBXVariantGroup;
			children = (
				356DDF5A23813E8E0047BDB3 /* Base */,
			);
			name = Main.storyboard;
			sourceTree = "<group>";
		};
		356DDF5E23813E900047BDB3 /* LaunchScreen.storyboard */ = {
			isa = PBXVariantGroup;
			children = (
				356DDF5F23813E900047BDB3 /* Base */,
			);
			name = LaunchScreen.storyboard;
			sourceTree = "<group>";
		};
/* End PBXVariantGroup section */

/* Begin XCBuildConfiguration section */
		356DDF6223813E900047BDB3 /* Debug */ = {
			isa = XCBuildConfiguration;
			buildSettings = {
				ALWAYS_SEARCH_USER_PATHS = NO;
				CLANG_ANALYZER_NONNULL = YES;
				CLANG_ANALYZER_NUMBER_OBJECT_CONVERSION = YES_AGGRESSIVE;
				CLANG_CXX_LANGUAGE_STANDARD = "gnu++14";
				CLANG_CXX_LIBRARY = "libc++";
				CLANG_ENABLE_MODULES = YES;
				CLANG_ENABLE_OBJC_ARC = YES;
				CLANG_ENABLE_OBJC_WEAK = YES;
				CLANG_WARN_BLOCK_CAPTURE_AUTORELEASING = YES;
				CLANG_WARN_BOOL_CONVERSION = YES;
				CLANG_WARN_COMMA = YES;
				CLANG_WARN_CONSTANT_CONVERSION = YES;
				CLANG_WARN_DEPRECATED_OBJC_IMPLEMENTATIONS = YES;
				CLANG_WARN_DIRECT_OBJC_ISA_USAGE = YES_ERROR;
				CLANG_WARN_DOCUMENTATION_COMMENTS = YES;
				CLANG_WARN_EMPTY_BODY = YES;
				CLANG_WARN_ENUM_CONVERSION = YES;
				CLANG_WARN_INFINITE_RECURSION = YES;
				CLANG_WARN_INT_CONVERSION = YES;
				CLANG_WARN_NON_LITERAL_NULL_CONVERSION = YES;
				CLANG_WARN_OBJC_IMPLICIT_RETAIN_SELF = YES;
				CLANG_WARN_OBJC_LITERAL_CONVERSION = YES;
				CLANG_WARN_OBJC_ROOT_CLASS = YES_ERROR;
				CLANG_WARN_RANGE_LOOP_ANALYSIS = YES;
				CLANG_WARN_STRICT_PROTOTYPES = YES;
				CLANG_WARN_SUSPICIOUS_MOVE = YES;
				CLANG_WARN_UNGUARDED_AVAILABILITY = YES_AGGRESSIVE;
				CLANG_WARN_UNREACHABLE_CODE = YES;
				CLANG_WARN__DUPLICATE_METHOD_MATCH = YES;
				COPY_PHASE_STRIP = NO;
				DEBUG_INFORMATION_FORMAT = dwarf;
				ENABLE_STRICT_OBJC_MSGSEND = YES;
				ENABLE_TESTABILITY = YES;
				GCC_C_LANGUAGE_STANDARD = gnu11;
				GCC_DYNAMIC_NO_PIC = NO;
				GCC_NO_COMMON_BLOCKS = YES;
				GCC_OPTIMIZATION_LEVEL = 0;
				GCC_PREPROCESSOR_DEFINITIONS = (
					"DEBUG=1",
					"$(inherited)",
				);
				GCC_WARN_64_TO_32_BIT_CONVERSION = YES;
				GCC_WARN_ABOUT_RETURN_TYPE = YES_ERROR;
				GCC_WARN_UNDECLARED_SELECTOR = YES;
				GCC_WARN_UNINITIALIZED_AUTOS = YES_AGGRESSIVE;
				GCC_WARN_UNUSED_FUNCTION = YES;
				GCC_WARN_UNUSED_VARIABLE = YES;
				IPHONEOS_DEPLOYMENT_TARGET = 13.1;
				MTL_ENABLE_DEBUG_INFO = INCLUDE_SOURCE;
				MTL_FAST_MATH = YES;
				ONLY_ACTIVE_ARCH = YES;
				SDKROOT = iphoneos;
				SWIFT_ACTIVE_COMPILATION_CONDITIONS = DEBUG;
				SWIFT_OPTIMIZATION_LEVEL = "-Onone";
			};
			name = Debug;
		};
		356DDF6323813E900047BDB3 /* Release */ = {
			isa = XCBuildConfiguration;
			buildSettings = {
				ALWAYS_SEARCH_USER_PATHS = NO;
				CLANG_ANALYZER_NONNULL = YES;
				CLANG_ANALYZER_NUMBER_OBJECT_CONVERSION = YES_AGGRESSIVE;
				CLANG_CXX_LANGUAGE_STANDARD = "gnu++14";
				CLANG_CXX_LIBRARY = "libc++";
				CLANG_ENABLE_MODULES = YES;
				CLANG_ENABLE_OBJC_ARC = YES;
				CLANG_ENABLE_OBJC_WEAK = YES;
				CLANG_WARN_BLOCK_CAPTURE_AUTORELEASING = YES;
				CLANG_WARN_BOOL_CONVERSION = YES;
				CLANG_WARN_COMMA = YES;
				CLANG_WARN_CONSTANT_CONVERSION = YES;
				CLANG_WARN_DEPRECATED_OBJC_IMPLEMENTATIONS = YES;
				CLANG_WARN_DIRECT_OBJC_ISA_USAGE = YES_ERROR;
				CLANG_WARN_DOCUMENTATION_COMMENTS = YES;
				CLANG_WARN_EMPTY_BODY = YES;
				CLANG_WARN_ENUM_CONVERSION = YES;
				CLANG_WARN_INFINITE_RECURSION = YES;
				CLANG_WARN_INT_CONVERSION = YES;
				CLANG_WARN_NON_LITERAL_NULL_CONVERSION = YES;
				CLANG_WARN_OBJC_IMPLICIT_RETAIN_SELF = YES;
				CLANG_WARN_OBJC_LITERAL_CONVERSION = YES;
				CLANG_WARN_OBJC_ROOT_CLASS = YES_ERROR;
				CLANG_WARN_RANGE_LOOP_ANALYSIS = YES;
				CLANG_WARN_STRICT_PROTOTYPES = YES;
				CLANG_WARN_SUSPICIOUS_MOVE = YES;
				CLANG_WARN_UNGUARDED_AVAILABILITY = YES_AGGRESSIVE;
				CLANG_WARN_UNREACHABLE_CODE = YES;
				CLANG_WARN__DUPLICATE_METHOD_MATCH = YES;
				COPY_PHASE_STRIP = NO;
				DEBUG_INFORMATION_FORMAT = "dwarf-with-dsym";
				ENABLE_NS_ASSERTIONS = NO;
				ENABLE_STRICT_OBJC_MSGSEND = YES;
				GCC_C_LANGUAGE_STANDARD = gnu11;
				GCC_NO_COMMON_BLOCKS = YES;
				GCC_WARN_64_TO_32_BIT_CONVERSION = YES;
				GCC_WARN_ABOUT_RETURN_TYPE = YES_ERROR;
				GCC_WARN_UNDECLARED_SELECTOR = YES;
				GCC_WARN_UNINITIALIZED_AUTOS = YES_AGGRESSIVE;
				GCC_WARN_UNUSED_FUNCTION = YES;
				GCC_WARN_UNUSED_VARIABLE = YES;
				IPHONEOS_DEPLOYMENT_TARGET = 13.1;
				MTL_ENABLE_DEBUG_INFO = NO;
				MTL_FAST_MATH = YES;
				SDKROOT = iphoneos;
				SWIFT_COMPILATION_MODE = wholemodule;
				SWIFT_OPTIMIZATION_LEVEL = "-O";
				VALIDATE_PRODUCT = YES;
			};
			name = Release;
		};
		356DDF6523813E900047BDB3 /* Debug */ = {
			isa = XCBuildConfiguration;
			buildSettings = {
				ASSETCATALOG_COMPILER_APPICON_NAME = AppIcon;
				CODE_SIGN_STYLE = Automatic;
				INFOPLIST_FILE = QuizAppUsingMVC/Info.plist;
				LD_RUNPATH_SEARCH_PATHS = (
					"$(inherited)",
					"@executable_path/Frameworks",
				);
				PRODUCT_BUNDLE_IDENTIFIER = com.gd17.QuizAppUsingMVC;
				PRODUCT_NAME = "$(TARGET_NAME)";
				SWIFT_VERSION = 5.0;
				TARGETED_DEVICE_FAMILY = "1,2";
			};
			name = Debug;
		};
		356DDF6623813E900047BDB3 /* Release */ = {
			isa = XCBuildConfiguration;
			buildSettings = {
				ASSETCATALOG_COMPILER_APPICON_NAME = AppIcon;
				CODE_SIGN_STYLE = Automatic;
				INFOPLIST_FILE = QuizAppUsingMVC/Info.plist;
				LD_RUNPATH_SEARCH_PATHS = (
					"$(inherited)",
					"@executable_path/Frameworks",
				);
				PRODUCT_BUNDLE_IDENTIFIER = com.gd17.QuizAppUsingMVC;
				PRODUCT_NAME = "$(TARGET_NAME)";
				SWIFT_VERSION = 5.0;
				TARGETED_DEVICE_FAMILY = "1,2";
			};
			name = Release;
		};
/* End XCBuildConfiguration section */

/* Begin XCConfigurationList section */
		356DDF4B23813E8E0047BDB3 /* Build configuration list for PBXProject "QuizAppUsingMVC" */ = {
			isa = XCConfigurationList;
			buildConfigurations = (
				356DDF6223813E900047BDB3 /* Debug */,
				356DDF6323813E900047BDB3 /* Release */,
			);
			defaultConfigurationIsVisible = 0;
			defaultConfigurationName = Release;
		};
		356DDF6423813E900047BDB3 /* Build configuration list for PBXNativeTarget "QuizAppUsingMVC" */ = {
			isa = XCConfigurationList;
			buildConfigurations = (
				356DDF6523813E900047BDB3 /* Debug */,
				356DDF6623813E900047BDB3 /* Release */,
			);
			defaultConfigurationIsVisible = 0;
			defaultConfigurationName = Release;
		};
/* End XCConfigurationList section */
	};
	rootObject = 356DDF4823813E8E0047BDB3 /* Project object */;
}
